
Microsoft Visual Studio Solution File, Format Version 12.00
# Visual Studio 14
VisualStudioVersion = 14.0.25420.1
MinimumVisualStudioVersion = 10.0.40219.1
Project("{FAE04EC0-301F-11D3-BF4B-00C04F79EFBC}") = "TesteGit.View", "Teste GIt\TesteGit.View.csproj", "{F9541272-F061-4416-A419-1C0D0D83AA3D}"
EndProject
Project("{FAE04EC0-301F-11D3-BF4B-00C04F79EFBC}") = "TesteGit.Model", "Teste Git.Model\TesteGit.Model.csproj", "{A780578E-C00B-4620-9222-59D1A04C45BC}"
EndProject
Project("{FAE04EC0-301F-11D3-BF4B-00C04F79EFBC}") = "TesteGit.DAO", "TesteGit.DAO\TesteGit.DAO.csproj", "{BD0533D6-CD9A-4E75-AD59-3121A28FCC06}"
EndProject
Project("{FAE04EC0-301F-11D3-BF4B-00C04F79EFBC}") = "TesteGit.DTO", "TesteGit.DTO\TesteGit.DTO.csproj", "{21255CB6-D81D-4087-8CF7-F60FADF648A0}"
EndProject
Global
	GlobalSection(SolutionConfigurationPlatforms) = preSolution
		Debug|Any CPU = Debug|Any CPU
		Release|Any CPU = Release|Any CPU
	EndGlobalSection
	GlobalSection(ProjectConfigurationPlatforms) = postSolution
		{F9541272-F061-4416-A419-1C0D0D83AA3D}.Debug|Any CPU.ActiveCfg = Debug|Any CPU
		{F9541272-F061-4416-A419-1C0D0D83AA3D}.Debug|Any CPU.Build.0 = Debug|Any CPU
		{F9541272-F061-4416-A419-1C0D0D83AA3D}.Release|Any CPU.ActiveCfg = Release|Any CPU
		{F9541272-F061-4416-A419-1C0D0D83AA3D}.Release|Any CPU.Build.0 = Release|Any CPU
		{A780578E-C00B-4620-9222-59D1A04C45BC}.Debug|Any CPU.ActiveCfg = Debug|Any CPU
		{A780578E-C00B-4620-9222-59D1A04C45BC}.Debug|Any CPU.Build.0 = Debug|Any CPU
		{A780578E-C00B-4620-9222-59D1A04C45BC}.Release|Any CPU.ActiveCfg = Release|Any CPU
		{A780578E-C00B-4620-9222-59D1A04C45BC}.Release|Any CPU.Build.0 = Release|Any CPU
		{BD0533D6-CD9A-4E75-AD59-3121A28FCC06}.Debug|Any CPU.ActiveCfg = Debug|Any CPU
		{BD0533D6-CD9A-4E75-AD59-3121A28FCC06}.Debug|Any CPU.Build.0 = Debug|Any CPU
		{BD0533D6-CD9A-4E75-AD59-3121A28FCC06}.Release|Any CPU.ActiveCfg = Release|Any CPU
		{BD0533D6-CD9A-4E75-AD59-3121A28FCC06}.Release|Any CPU.Build.0 = Release|Any CPU
		{21255CB6-D81D-4087-8CF7-F60FADF648A0}.Debug|Any CPU.ActiveCfg = Debug|Any CPU
		{21255CB6-D81D-4087-8CF7-F60FADF648A0}.Debug|Any CPU.Build.0 = Debug|Any CPU
		{21255CB6-D81D-4087-8CF7-F60FADF648A0}.Release|Any CPU.ActiveCfg = Release|Any CPU
		{21255CB6-D81D-4087-8CF7-F60FADF648A0}.Release|Any CPU.Build.0 = Release|Any CPU
	EndGlobalSection
	GlobalSection(SolutionProperties) = preSolution
		HideSolutionNode = FALSE
	EndGlobalSection
EndGlobal
